# Generated by buf. DO NOT EDIT.
version: v1beta1
deps:
  - remote: buf.build
    owner: cynx
    repository: cynx-core
    commit: 4d6134c543d8457c8de3b98c46a95f87
    digest: shake256:0dd6318d0dddca8773ac53bf94bc9248b3e9ceac50a105e7f06e4bd59e47f7ca02cc09921a685fa177c7d33bae4cf9847a1b9ba7193242d042c592bf1ca55584
